// !$*UTF8*$!
{
	archiveVersion = 1;
	classes = {
	};
	objectVersion = 46;
	objects = {

/* Begin PBXBuildFile section */
		A83321584061F67ACA27C695 /* Pods.framework in Frameworks */ = {isa = PBXBuildFile; fileRef = D78ADFE48C7CE1D342F828C7 /* Pods.framework */; };
		DF2CCB331C8B84B800D13A35 /* MapViewController.swift in Sources */ = {isa = PBXBuildFile; fileRef = DF2CCB321C8B84B800D13A35 /* MapViewController.swift */; };
		DFA374651C8B63DA00254876 /* AppDelegate.swift in Sources */ = {isa = PBXBuildFile; fileRef = DFA374641C8B63DA00254876 /* AppDelegate.swift */; };
		DFA374671C8B63DA00254876 /* ViewController.swift in Sources */ = {isa = PBXBuildFile; fileRef = DFA374661C8B63DA00254876 /* ViewController.swift */; };
		DFA3746A1C8B63DA00254876 /* Main.storyboard in Resources */ = {isa = PBXBuildFile; fileRef = DFA374681C8B63DA00254876 /* Main.storyboard */; };
		DFA3746C1C8B63DA00254876 /* Assets.xcassets in Resources */ = {isa = PBXBuildFile; fileRef = DFA3746B1C8B63DA00254876 /* Assets.xcassets */; };
		DFA3746F1C8B63DA00254876 /* LaunchScreen.storyboard in Resources */ = {isa = PBXBuildFile; fileRef = DFA3746D1C8B63DA00254876 /* LaunchScreen.storyboard */; };
		DFA3747A1C8B63DA00254876 /* AmbleTests.swift in Sources */ = {isa = PBXBuildFile; fileRef = DFA374791C8B63DA00254876 /* AmbleTests.swift */; };
		DFA374851C8B63DA00254876 /* AmbleUITests.swift in Sources */ = {isa = PBXBuildFile; fileRef = DFA374841C8B63DA00254876 /* AmbleUITests.swift */; };
		DFC508A91C8B7214006A1734 /* Fabric.framework in Frameworks */ = {isa = PBXBuildFile; fileRef = DFC508A51C8B7214006A1734 /* Fabric.framework */; };
		DFC508AA1C8B7214006A1734 /* TwitterKit.framework in Frameworks */ = {isa = PBXBuildFile; fileRef = DFC508A61C8B7214006A1734 /* TwitterKit.framework */; };
		DFC508AB1C8B7214006A1734 /* TwitterKitResources.bundle in Resources */ = {isa = PBXBuildFile; fileRef = DFC508A71C8B7214006A1734 /* TwitterKitResources.bundle */; };
		DFC508AC1C8B7214006A1734 /* TwitterCore.framework in Frameworks */ = {isa = PBXBuildFile; fileRef = DFC508A81C8B7214006A1734 /* TwitterCore.framework */; };
/* End PBXBuildFile section */

/* Begin PBXContainerItemProxy section */
		DFA374761C8B63DA00254876 /* PBXContainerItemProxy */ = {
			isa = PBXContainerItemProxy;
			containerPortal = DFA374591C8B63DA00254876 /* Project object */;
			proxyType = 1;
			remoteGlobalIDString = DFA374601C8B63DA00254876;
			remoteInfo = Amble;
		};
		DFA374811C8B63DA00254876 /* PBXContainerItemProxy */ = {
			isa = PBXContainerItemProxy;
			containerPortal = DFA374591C8B63DA00254876 /* Project object */;
			proxyType = 1;
			remoteGlobalIDString = DFA374601C8B63DA00254876;
			remoteInfo = Amble;
		};
/* End PBXContainerItemProxy section */

/* Begin PBXFileReference section */
		4A5F9AA124FBAC93AF87948F /* Pods.debug.xcconfig */ = {isa = PBXFileReference; includeInIndex = 1; lastKnownFileType = text.xcconfig; name = Pods.debug.xcconfig; path = "Pods/Target Support Files/Pods/Pods.debug.xcconfig"; sourceTree = "<group>"; };
		AF8FF5DFFEFEF2B1AFE3B081 /* Pods.release.xcconfig */ = {isa = PBXFileReference; includeInIndex = 1; lastKnownFileType = text.xcconfig; name = Pods.release.xcconfig; path = "Pods/Target Support Files/Pods/Pods.release.xcconfig"; sourceTree = "<group>"; };
		D78ADFE48C7CE1D342F828C7 /* Pods.framework */ = {isa = PBXFileReference; explicitFileType = wrapper.framework; includeInIndex = 0; path = Pods.framework; sourceTree = BUILT_PRODUCTS_DIR; };
		DF2CCB321C8B84B800D13A35 /* MapViewController.swift */ = {isa = PBXFileReference; fileEncoding = 4; lastKnownFileType = sourcecode.swift; path = MapViewController.swift; sourceTree = "<group>"; };
		DFA374611C8B63DA00254876 /* Amble.app */ = {isa = PBXFileReference; explicitFileType = wrapper.application; includeInIndex = 0; path = Amble.app; sourceTree = BUILT_PRODUCTS_DIR; };
		DFA374641C8B63DA00254876 /* AppDelegate.swift */ = {isa = PBXFileReference; lastKnownFileType = sourcecode.swift; path = AppDelegate.swift; sourceTree = "<group>"; };
		DFA374661C8B63DA00254876 /* ViewController.swift */ = {isa = PBXFileReference; lastKnownFileType = sourcecode.swift; path = ViewController.swift; sourceTree = "<group>"; };
		DFA374691C8B63DA00254876 /* Base */ = {isa = PBXFileReference; lastKnownFileType = file.storyboard; name = Base; path = Base.lproj/Main.storyboard; sourceTree = "<group>"; };
		DFA3746B1C8B63DA00254876 /* Assets.xcassets */ = {isa = PBXFileReference; lastKnownFileType = folder.assetcatalog; path = Assets.xcassets; sourceTree = "<group>"; };
		DFA3746E1C8B63DA00254876 /* Base */ = {isa = PBXFileReference; lastKnownFileType = file.storyboard; name = Base; path = Base.lproj/LaunchScreen.storyboard; sourceTree = "<group>"; };
		DFA374701C8B63DA00254876 /* Info.plist */ = {isa = PBXFileReference; lastKnownFileType = text.plist.xml; path = Info.plist; sourceTree = "<group>"; };
		DFA374751C8B63DA00254876 /* AmbleTests.xctest */ = {isa = PBXFileReference; explicitFileType = wrapper.cfbundle; includeInIndex = 0; path = AmbleTests.xctest; sourceTree = BUILT_PRODUCTS_DIR; };
		DFA374791C8B63DA00254876 /* AmbleTests.swift */ = {isa = PBXFileReference; lastKnownFileType = sourcecode.swift; path = AmbleTests.swift; sourceTree = "<group>"; };
		DFA3747B1C8B63DA00254876 /* Info.plist */ = {isa = PBXFileReference; lastKnownFileType = text.plist.xml; path = Info.plist; sourceTree = "<group>"; };
		DFA374801C8B63DA00254876 /* AmbleUITests.xctest */ = {isa = PBXFileReference; explicitFileType = wrapper.cfbundle; includeInIndex = 0; path = AmbleUITests.xctest; sourceTree = BUILT_PRODUCTS_DIR; };
		DFA374841C8B63DA00254876 /* AmbleUITests.swift */ = {isa = PBXFileReference; lastKnownFileType = sourcecode.swift; path = AmbleUITests.swift; sourceTree = "<group>"; };
		DFA374861C8B63DA00254876 /* Info.plist */ = {isa = PBXFileReference; lastKnownFileType = text.plist.xml; path = Info.plist; sourceTree = "<group>"; };
		DFC508A51C8B7214006A1734 /* Fabric.framework */ = {isa = PBXFileReference; lastKnownFileType = wrapper.framework; path = Fabric.framework; sourceTree = "<group>"; };
		DFC508A61C8B7214006A1734 /* TwitterKit.framework */ = {isa = PBXFileReference; lastKnownFileType = wrapper.framework; path = TwitterKit.framework; sourceTree = "<group>"; };
		DFC508A71C8B7214006A1734 /* TwitterKitResources.bundle */ = {isa = PBXFileReference; lastKnownFileType = "wrapper.plug-in"; name = TwitterKitResources.bundle; path = TwitterKit.framework/Versions/A/Resources/TwitterKitResources.bundle; sourceTree = "<group>"; };
		DFC508A81C8B7214006A1734 /* TwitterCore.framework */ = {isa = PBXFileReference; lastKnownFileType = wrapper.framework; path = TwitterCore.framework; sourceTree = "<group>"; };
/* End PBXFileReference section */

/* Begin PBXFrameworksBuildPhase section */
		DFA3745E1C8B63DA00254876 /* Frameworks */ = {
			isa = PBXFrameworksBuildPhase;
			buildActionMask = 2147483647;
			files = (
				DFC508A91C8B7214006A1734 /* Fabric.framework in Frameworks */,
				DFC508AC1C8B7214006A1734 /* TwitterCore.framework in Frameworks */,
				DFC508AA1C8B7214006A1734 /* TwitterKit.framework in Frameworks */,
				A83321584061F67ACA27C695 /* Pods.framework in Frameworks */,
			);
			runOnlyForDeploymentPostprocessing = 0;
		};
		DFA374721C8B63DA00254876 /* Frameworks */ = {
			isa = PBXFrameworksBuildPhase;
			buildActionMask = 2147483647;
			files = (
			);
			runOnlyForDeploymentPostprocessing = 0;
		};
		DFA3747D1C8B63DA00254876 /* Frameworks */ = {
			isa = PBXFrameworksBuildPhase;
			buildActionMask = 2147483647;
			files = (
			);
			runOnlyForDeploymentPostprocessing = 0;
		};
/* End PBXFrameworksBuildPhase section */

/* Begin PBXGroup section */
		BA3D522444A9239925530A52 /* Pods */ = {
			isa = PBXGroup;
			children = (
				4A5F9AA124FBAC93AF87948F /* Pods.debug.xcconfig */,
				AF8FF5DFFEFEF2B1AFE3B081 /* Pods.release.xcconfig */,
			);
			name = Pods;
			sourceTree = "<group>";
		};
		DFA374581C8B63DA00254876 = {
			isa = PBXGroup;
			children = (
				DFC508A51C8B7214006A1734 /* Fabric.framework */,
				DFC508A61C8B7214006A1734 /* TwitterKit.framework */,
				DFC508A71C8B7214006A1734 /* TwitterKitResources.bundle */,
				DFC508A81C8B7214006A1734 /* TwitterCore.framework */,
				DFA374631C8B63DA00254876 /* Amble */,
				DFA374781C8B63DA00254876 /* AmbleTests */,
				DFA374831C8B63DA00254876 /* AmbleUITests */,
				DFA374621C8B63DA00254876 /* Products */,
				BA3D522444A9239925530A52 /* Pods */,
				E12FBD901B9571ACCFA506BF /* Frameworks */,
			);
			sourceTree = "<group>";
		};
		DFA374621C8B63DA00254876 /* Products */ = {
			isa = PBXGroup;
			children = (
				DFA374611C8B63DA00254876 /* Amble.app */,
				DFA374751C8B63DA00254876 /* AmbleTests.xctest */,
				DFA374801C8B63DA00254876 /* AmbleUITests.xctest */,
			);
			name = Products;
			sourceTree = "<group>";
		};
		DFA374631C8B63DA00254876 /* Amble */ = {
			isa = PBXGroup;
			children = (
				DFA374641C8B63DA00254876 /* AppDelegate.swift */,
				DFA374661C8B63DA00254876 /* ViewController.swift */,
				DF2CCB321C8B84B800D13A35 /* MapViewController.swift */,
				DFA374681C8B63DA00254876 /* Main.storyboard */,
				DFA3746B1C8B63DA00254876 /* Assets.xcassets */,
				DFA3746D1C8B63DA00254876 /* LaunchScreen.storyboard */,
				DFA374701C8B63DA00254876 /* Info.plist */,
			);
			path = Amble;
			sourceTree = "<group>";
		};
		DFA374781C8B63DA00254876 /* AmbleTests */ = {
			isa = PBXGroup;
			children = (
				DFA374791C8B63DA00254876 /* AmbleTests.swift */,
				DFA3747B1C8B63DA00254876 /* Info.plist */,
			);
			path = AmbleTests;
			sourceTree = "<group>";
		};
		DFA374831C8B63DA00254876 /* AmbleUITests */ = {
			isa = PBXGroup;
			children = (
				DFA374841C8B63DA00254876 /* AmbleUITests.swift */,
				DFA374861C8B63DA00254876 /* Info.plist */,
			);
			path = AmbleUITests;
			sourceTree = "<group>";
		};
		E12FBD901B9571ACCFA506BF /* Frameworks */ = {
			isa = PBXGroup;
			children = (
				D78ADFE48C7CE1D342F828C7 /* Pods.framework */,
			);
			name = Frameworks;
			sourceTree = "<group>";
		};
/* End PBXGroup section */

/* Begin PBXNativeTarget section */
		DFA374601C8B63DA00254876 /* Amble */ = {
			isa = PBXNativeTarget;
			buildConfigurationList = DFA374891C8B63DA00254876 /* Build configuration list for PBXNativeTarget "Amble" */;
			buildPhases = (
				69DD1707B803E996511287DB /* Check Pods Manifest.lock */,
				DFA3745D1C8B63DA00254876 /* Sources */,
				DFA3745E1C8B63DA00254876 /* Frameworks */,
				DFA3745F1C8B63DA00254876 /* Resources */,
				DFC508A41C8B7201006A1734 /* ShellScript */,
				19AE2CC1015D6A991F87BB7D /* Embed Pods Frameworks */,
				12BC43CAF8429DC662D7032C /* Copy Pods Resources */,
			);
			buildRules = (
			);
			dependencies = (
			);
			name = Amble;
			productName = Amble;
			productReference = DFA374611C8B63DA00254876 /* Amble.app */;
			productType = "com.apple.product-type.application";
		};
		DFA374741C8B63DA00254876 /* AmbleTests */ = {
			isa = PBXNativeTarget;
			buildConfigurationList = DFA3748C1C8B63DA00254876 /* Build configuration list for PBXNativeTarget "AmbleTests" */;
			buildPhases = (
				DFA374711C8B63DA00254876 /* Sources */,
				DFA374721C8B63DA00254876 /* Frameworks */,
				DFA374731C8B63DA00254876 /* Resources */,
			);
			buildRules = (
			);
			dependencies = (
				DFA374771C8B63DA00254876 /* PBXTargetDependency */,
			);
			name = AmbleTests;
			productName = AmbleTests;
			productReference = DFA374751C8B63DA00254876 /* AmbleTests.xctest */;
			productType = "com.apple.product-type.bundle.unit-test";
		};
		DFA3747F1C8B63DA00254876 /* AmbleUITests */ = {
			isa = PBXNativeTarget;
			buildConfigurationList = DFA3748F1C8B63DA00254876 /* Build configuration list for PBXNativeTarget "AmbleUITests" */;
			buildPhases = (
				DFA3747C1C8B63DA00254876 /* Sources */,
				DFA3747D1C8B63DA00254876 /* Frameworks */,
				DFA3747E1C8B63DA00254876 /* Resources */,
			);
			buildRules = (
			);
			dependencies = (
				DFA374821C8B63DA00254876 /* PBXTargetDependency */,
			);
			name = AmbleUITests;
			productName = AmbleUITests;
			productReference = DFA374801C8B63DA00254876 /* AmbleUITests.xctest */;
			productType = "com.apple.product-type.bundle.ui-testing";
		};
/* End PBXNativeTarget section */

/* Begin PBXProject section */
		DFA374591C8B63DA00254876 /* Project object */ = {
			isa = PBXProject;
			attributes = {
				LastSwiftUpdateCheck = 0720;
				LastUpgradeCheck = 0720;
				ORGANIZATIONNAME = "Dream Team";
				TargetAttributes = {
					DFA374601C8B63DA00254876 = {
						CreatedOnToolsVersion = 7.2.1;
						DevelopmentTeam = B2VQQC446E;
					};
					DFA374741C8B63DA00254876 = {
						CreatedOnToolsVersion = 7.2.1;
						DevelopmentTeam = B2VQQC446E;
						TestTargetID = DFA374601C8B63DA00254876;
					};
					DFA3747F1C8B63DA00254876 = {
						CreatedOnToolsVersion = 7.2.1;
						DevelopmentTeam = B2VQQC446E;
						TestTargetID = DFA374601C8B63DA00254876;
					};
				};
			};
			buildConfigurationList = DFA3745C1C8B63DA00254876 /* Build configuration list for PBXProject "Amble" */;
			compatibilityVersion = "Xcode 3.2";
			developmentRegion = English;
			hasScannedForEncodings = 0;
			knownRegions = (
				en,
				Base,
			);
			mainGroup = DFA374581C8B63DA00254876;
			productRefGroup = DFA374621C8B63DA00254876 /* Products */;
			projectDirPath = "";
			projectRoot = "";
			targets = (
				DFA374601C8B63DA00254876 /* Amble */,
				DFA374741C8B63DA00254876 /* AmbleTests */,
				DFA3747F1C8B63DA00254876 /* AmbleUITests */,
			);
		};
/* End PBXProject section */

/* Begin PBXResourcesBuildPhase section */
		DFA3745F1C8B63DA00254876 /* Resources */ = {
			isa = PBXResourcesBuildPhase;
			buildActionMask = 2147483647;
			files = (
				DFC508AB1C8B7214006A1734 /* TwitterKitResources.bundle in Resources */,
				DFA3746F1C8B63DA00254876 /* LaunchScreen.storyboard in Resources */,
				DFA3746C1C8B63DA00254876 /* Assets.xcassets in Resources */,
				DFA3746A1C8B63DA00254876 /* Main.storyboard in Resources */,
			);
			runOnlyForDeploymentPostprocessing = 0;
		};
		DFA374731C8B63DA00254876 /* Resources */ = {
			isa = PBXResourcesBuildPhase;
			buildActionMask = 2147483647;
			files = (
			);
			runOnlyForDeploymentPostprocessing = 0;
		};
		DFA3747E1C8B63DA00254876 /* Resources */ = {
			isa = PBXResourcesBuildPhase;
			buildActionMask = 2147483647;
			files = (
			);
			runOnlyForDeploymentPostprocessing = 0;
		};
/* End PBXResourcesBuildPhase section */

/* Begin PBXShellScriptBuildPhase section */
		12BC43CAF8429DC662D7032C /* Copy Pods Resources */ = {
			isa = PBXShellScriptBuildPhase;
			buildActionMask = 2147483647;
			files = (
			);
			inputPaths = (
			);
			name = "Copy Pods Resources";
			outputPaths = (
			);
			runOnlyForDeploymentPostprocessing = 0;
			shellPath = /bin/sh;
			shellScript = "\"${SRCROOT}/Pods/Target Support Files/Pods/Pods-resources.sh\"\n";
			showEnvVarsInLog = 0;
		};
		19AE2CC1015D6A991F87BB7D /* Embed Pods Frameworks */ = {
			isa = PBXShellScriptBuildPhase;
			buildActionMask = 2147483647;
			files = (
			);
			inputPaths = (
			);
			name = "Embed Pods Frameworks";
			outputPaths = (
			);
			runOnlyForDeploymentPostprocessing = 0;
			shellPath = /bin/sh;
			shellScript = "\"${SRCROOT}/Pods/Target Support Files/Pods/Pods-frameworks.sh\"\n";
			showEnvVarsInLog = 0;
		};
		69DD1707B803E996511287DB /* Check Pods Manifest.lock */ = {
			isa = PBXShellScriptBuildPhase;
			buildActionMask = 2147483647;
			files = (
			);
			inputPaths = (
			);
			name = "Check Pods Manifest.lock";
			outputPaths = (
			);
			runOnlyForDeploymentPostprocessing = 0;
			shellPath = /bin/sh;
			shellScript = "diff \"${PODS_ROOT}/../Podfile.lock\" \"${PODS_ROOT}/Manifest.lock\" > /dev/null\nif [[ $? != 0 ]] ; then\n    cat << EOM\nerror: The sandbox is not in sync with the Podfile.lock. Run 'pod install' or update your CocoaPods installation.\nEOM\n    exit 1\nfi\n";
			showEnvVarsInLog = 0;
		};
		DFC508A41C8B7201006A1734 /* ShellScript */ = {
			isa = PBXShellScriptBuildPhase;
			buildActionMask = 2147483647;
			files = (
			);
			inputPaths = (
			);
			outputPaths = (
			);
			runOnlyForDeploymentPostprocessing = 0;
			shellPath = /bin/sh;
			shellScript = "./Fabric.framework/run 88a36053ccde6dfeea399b9b1aae9ceed6a24e8f 5ef5037a7ad3dee72db7f4b70b69b00db6c18f01cc27333a4c36dd43804c8479";
		};
/* End PBXShellScriptBuildPhase section */

/* Begin PBXSourcesBuildPhase section */
		DFA3745D1C8B63DA00254876 /* Sources */ = {
			isa = PBXSourcesBuildPhase;
			buildActionMask = 2147483647;
			files = (
				DFA374671C8B63DA00254876 /* ViewController.swift in Sources */,
				DF2CCB331C8B84B800D13A35 /* MapViewController.swift in Sources */,
				DFA374651C8B63DA00254876 /* AppDelegate.swift in Sources */,
			);
			runOnlyForDeploymentPostprocessing = 0;
		};
		DFA374711C8B63DA00254876 /* Sources */ = {
			isa = PBXSourcesBuildPhase;
			buildActionMask = 2147483647;
			files = (
				DFA3747A1C8B63DA00254876 /* AmbleTests.swift in Sources */,
			);
			runOnlyForDeploymentPostprocessing = 0;
		};
		DFA3747C1C8B63DA00254876 /* Sources */ = {
			isa = PBXSourcesBuildPhase;
			buildActionMask = 2147483647;
			files = (
				DFA374851C8B63DA00254876 /* AmbleUITests.swift in Sources */,
			);
			runOnlyForDeploymentPostprocessing = 0;
		};
/* End PBXSourcesBuildPhase section */

/* Begin PBXTargetDependency section */
		DFA374771C8B63DA00254876 /* PBXTargetDependency */ = {
			isa = PBXTargetDependency;
			target = DFA374601C8B63DA00254876 /* Amble */;
			targetProxy = DFA374761C8B63DA00254876 /* PBXContainerItemProxy */;
		};
		DFA374821C8B63DA00254876 /* PBXTargetDependency */ = {
			isa = PBXTargetDependency;
			target = DFA374601C8B63DA00254876 /* Amble */;
			targetProxy = DFA374811C8B63DA00254876 /* PBXContainerItemProxy */;
		};
/* End PBXTargetDependency section */

/* Begin PBXVariantGroup section */
		DFA374681C8B63DA00254876 /* Main.storyboard */ = {
			isa = PBXVariantGroup;
			children = (
				DFA374691C8B63DA00254876 /* Base */,
			);
			name = Main.storyboard;
			sourceTree = "<group>";
		};
		DFA3746D1C8B63DA00254876 /* LaunchScreen.storyboard */ = {
			isa = PBXVariantGroup;
			children = (
				DFA3746E1C8B63DA00254876 /* Base */,
			);
			name = LaunchScreen.storyboard;
			sourceTree = "<group>";
		};
/* End PBXVariantGroup section */

/* Begin XCBuildConfiguration section */
		DFA374871C8B63DA00254876 /* Debug */ = {
			isa = XCBuildConfiguration;
			buildSettings = {
				ALWAYS_SEARCH_USER_PATHS = NO;
				CLANG_CXX_LANGUAGE_STANDARD = "gnu++0x";
				CLANG_CXX_LIBRARY = "libc++";
				CLANG_ENABLE_MODULES = YES;
				CLANG_ENABLE_OBJC_ARC = YES;
				CLANG_WARN_BOOL_CONVERSION = YES;
				CLANG_WARN_CONSTANT_CONVERSION = YES;
				CLANG_WARN_DIRECT_OBJC_ISA_USAGE = YES_ERROR;
				CLANG_WARN_EMPTY_BODY = YES;
				CLANG_WARN_ENUM_CONVERSION = YES;
				CLANG_WARN_INT_CONVERSION = YES;
				CLANG_WARN_OBJC_ROOT_CLASS = YES_ERROR;
				CLANG_WARN_UNREACHABLE_CODE = YES;
				CLANG_WARN__DUPLICATE_METHOD_MATCH = YES;
				"CODE_SIGN_IDENTITY[sdk=iphoneos*]" = "iPhone Developer";
				COPY_PHASE_STRIP = NO;
				DEBUG_INFORMATION_FORMAT = dwarf;
				ENABLE_STRICT_OBJC_MSGSEND = YES;
				ENABLE_TESTABILITY = YES;
				GCC_C_LANGUAGE_STANDARD = gnu99;
				GCC_DYNAMIC_NO_PIC = NO;
				GCC_NO_COMMON_BLOCKS = YES;
				GCC_OPTIMIZATION_LEVEL = 0;
				GCC_PREPROCESSOR_DEFINITIONS = (
					"DEBUG=1",
					"$(inherited)",
				);
				GCC_WARN_64_TO_32_BIT_CONVERSION = YES;
				GCC_WARN_ABOUT_RETURN_TYPE = YES_ERROR;
				GCC_WARN_UNDECLARED_SELECTOR = YES;
				GCC_WARN_UNINITIALIZED_AUTOS = YES_AGGRESSIVE;
				GCC_WARN_UNUSED_FUNCTION = YES;
				GCC_WARN_UNUSED_VARIABLE = YES;
				IPHONEOS_DEPLOYMENT_TARGET = 9.2;
				MTL_ENABLE_DEBUG_INFO = YES;
				ONLY_ACTIVE_ARCH = YES;
				SDKROOT = iphoneos;
				SWIFT_OPTIMIZATION_LEVEL = "-Onone";
			};
			name = Debug;
		};
		DFA374881C8B63DA00254876 /* Release */ = {
			isa = XCBuildConfiguration;
			buildSettings = {
				ALWAYS_SEARCH_USER_PATHS = NO;
				CLANG_CXX_LANGUAGE_STANDARD = "gnu++0x";
				CLANG_CXX_LIBRARY = "libc++";
				CLANG_ENABLE_MODULES = YES;
				CLANG_ENABLE_OBJC_ARC = YES;
				CLANG_WARN_BOOL_CONVERSION = YES;
				CLANG_WARN_CONSTANT_CONVERSION = YES;
				CLANG_WARN_DIRECT_OBJC_ISA_USAGE = YES_ERROR;
				CLANG_WARN_EMPTY_BODY = YES;
				CLANG_WARN_ENUM_CONVERSION = YES;
				CLANG_WARN_INT_CONVERSION = YES;
				CLANG_WARN_OBJC_ROOT_CLASS = YES_ERROR;
				CLANG_WARN_UNREACHABLE_CODE = YES;
				CLANG_WARN__DUPLICATE_METHOD_MATCH = YES;
				"CODE_SIGN_IDENTITY[sdk=iphoneos*]" = "iPhone Developer";
				COPY_PHASE_STRIP = NO;
				DEBUG_INFORMATION_FORMAT = "dwarf-with-dsym";
				ENABLE_NS_ASSERTIONS = NO;
				ENABLE_STRICT_OBJC_MSGSEND = YES;
				GCC_C_LANGUAGE_STANDARD = gnu99;
				GCC_NO_COMMON_BLOCKS = YES;
				GCC_WARN_64_TO_32_BIT_CONVERSION = YES;
				GCC_WARN_ABOUT_RETURN_TYPE = YES_ERROR;
				GCC_WARN_UNDECLARED_SELECTOR = YES;
				GCC_WARN_UNINITIALIZED_AUTOS = YES_AGGRESSIVE;
				GCC_WARN_UNUSED_FUNCTION = YES;
				GCC_WARN_UNUSED_VARIABLE = YES;
				IPHONEOS_DEPLOYMENT_TARGET = 9.2;
				MTL_ENABLE_DEBUG_INFO = NO;
				SDKROOT = iphoneos;
				VALIDATE_PRODUCT = YES;
			};
			name = Release;
		};
		DFA3748A1C8B63DA00254876 /* Debug */ = {
			isa = XCBuildConfiguration;
			baseConfigurationReference = 4A5F9AA124FBAC93AF87948F /* Pods.debug.xcconfig */;
			buildSettings = {
				ASSETCATALOG_COMPILER_APPICON_NAME = AppIcon;
				FRAMEWORK_SEARCH_PATHS = (
					"$(inherited)",
					"$(PROJECT_DIR)",
				);
				INFOPLIST_FILE = Amble/Info.plist;
				LD_RUNPATH_SEARCH_PATHS = "$(inherited) @executable_path/Frameworks";
				PRODUCT_BUNDLE_IDENTIFIER = com.dreamteam.Amble;
				PRODUCT_NAME = "$(TARGET_NAME)";
			};
			name = Debug;
		};
		DFA3748B1C8B63DA00254876 /* Release */ = {
			isa = XCBuildConfiguration;
			baseConfigurationReference = AF8FF5DFFEFEF2B1AFE3B081 /* Pods.release.xcconfig */;
			buildSettings = {
				ASSETCATALOG_COMPILER_APPICON_NAME = AppIcon;
				FRAMEWORK_SEARCH_PATHS = (
					"$(inherited)",
					"$(PROJECT_DIR)",
				);
				INFOPLIST_FILE = Amble/Info.plist;
				LD_RUNPATH_SEARCH_PATHS = "$(inherited) @executable_path/Frameworks";
				PRODUCT_BUNDLE_IDENTIFIER = com.dreamteam.Amble;
				PRODUCT_NAME = "$(TARGET_NAME)";
			};
			name = Release;
		};
		DFA3748D1C8B63DA00254876 /* Debug */ = {
			isa = XCBuildConfiguration;
			buildSettings = {
				BUNDLE_LOADER = "$(TEST_HOST)";
				INFOPLIST_FILE = AmbleTests/Info.plist;
				LD_RUNPATH_SEARCH_PATHS = "$(inherited) @executable_path/Frameworks @loader_path/Frameworks";
				PRODUCT_BUNDLE_IDENTIFIER = com.dreamteam.AmbleTests;
				PRODUCT_NAME = "$(TARGET_NAME)";
				TEST_HOST = "$(BUILT_PRODUCTS_DIR)/Amble.app/Amble";
			};
			name = Debug;
		};
		DFA3748E1C8B63DA00254876 /* Release */ = {
			isa = XCBuildConfiguration;
			buildSettings = {
				BUNDLE_LOADER = "$(TEST_HOST)";
				INFOPLIST_FILE = AmbleTests/Info.plist;
				LD_RUNPATH_SEARCH_PATHS = "$(inherited) @executable_path/Frameworks @loader_path/Frameworks";
				PRODUCT_BUNDLE_IDENTIFIER = com.dreamteam.AmbleTests;
				PRODUCT_NAME = "$(TARGET_NAME)";
				TEST_HOST = "$(BUILT_PRODUCTS_DIR)/Amble.app/Amble";
			};
			name = Release;
		};
		DFA374901C8B63DA00254876 /* Debug */ = {
			isa = XCBuildConfiguration;
			buildSettings = {
				INFOPLIST_FILE = AmbleUITests/Info.plist;
				LD_RUNPATH_SEARCH_PATHS = "$(inherited) @executable_path/Frameworks @loader_path/Frameworks";
				PRODUCT_BUNDLE_IDENTIFIER = com.dreamteam.AmbleUITests;
				PRODUCT_NAME = "$(TARGET_NAME)";
				TEST_TARGET_NAME = Amble;
				USES_XCTRUNNER = YES;
			};
			name = Debug;
		};
		DFA374911C8B63DA00254876 /* Release */ = {
			isa = XCBuildConfiguration;
			buildSettings = {
				INFOPLIST_FILE = AmbleUITests/Info.plist;
				LD_RUNPATH_SEARCH_PATHS = "$(inherited) @executable_path/Frameworks @loader_path/Frameworks";
				PRODUCT_BUNDLE_IDENTIFIER = com.dreamteam.AmbleUITests;
				PRODUCT_NAME = "$(TARGET_NAME)";
				TEST_TARGET_NAME = Amble;
				USES_XCTRUNNER = YES;
			};
			name = Release;
		};
/* End XCBuildConfiguration section */

/* Begin XCConfigurationList section */
		DFA3745C1C8B63DA00254876 /* Build configuration list for PBXProject "Amble" */ = {
			isa = XCConfigurationList;
			buildConfigurations = (
				DFA374871C8B63DA00254876 /* Debug */,
				DFA374881C8B63DA00254876 /* Release */,
			);
			defaultConfigurationIsVisible = 0;
			defaultConfigurationName = Release;
		};
		DFA374891C8B63DA00254876 /* Build configuration list for PBXNativeTarget "Amble" */ = {
			isa = XCConfigurationList;
			buildConfigurations = (
				DFA3748A1C8B63DA00254876 /* Debug */,
				DFA3748B1C8B63DA00254876 /* Release */,
			);
			defaultConfigurationIsVisible = 0;
			defaultConfigurationName = Release;
		};
		DFA3748C1C8B63DA00254876 /* Build configuration list for PBXNativeTarget "AmbleTests" */ = {
			isa = XCConfigurationList;
			buildConfigurations = (
				DFA3748D1C8B63DA00254876 /* Debug */,
				DFA3748E1C8B63DA00254876 /* Release */,
			);
			defaultConfigurationIsVisible = 0;
			defaultConfigurationName = Release;
		};
		DFA3748F1C8B63DA00254876 /* Build configuration list for PBXNativeTarget "AmbleUITests" */ = {
			isa = XCConfigurationList;
			buildConfigurations = (
				DFA374901C8B63DA00254876 /* Debug */,
				DFA374911C8B63DA00254876 /* Release */,
			);
			defaultConfigurationIsVisible = 0;
			defaultConfigurationName = Release;
		};
/* End XCConfigurationList section */
	};
	rootObject = DFA374591C8B63DA00254876 /* Project object */;
}
